// !$*UTF8*$!
{
	archiveVersion = 1;
	classes = {
	};
	objectVersion = 50;
	objects = {

/* Begin PBXBuildFile section */
		83D2A199240E92D400C9CE8E /* AppDelegate.swift in Sources */ = {isa = PBXBuildFile; fileRef = 83D2A198240E92D400C9CE8E /* AppDelegate.swift */; };
		83D2A19B240E92D400C9CE8E /* SceneDelegate.swift in Sources */ = {isa = PBXBuildFile; fileRef = 83D2A19A240E92D400C9CE8E /* SceneDelegate.swift */; };
		83D2A19D240E92D400C9CE8E /* ContentView.swift in Sources */ = {isa = PBXBuildFile; fileRef = 83D2A19C240E92D400C9CE8E /* ContentView.swift */; };
		83D2A19F240E92D500C9CE8E /* Assets.xcassets in Resources */ = {isa = PBXBuildFile; fileRef = 83D2A19E240E92D500C9CE8E /* Assets.xcassets */; };
		83D2A1A2240E92D500C9CE8E /* Preview Assets.xcassets in Resources */ = {isa = PBXBuildFile; fileRef = 83D2A1A1240E92D500C9CE8E /* Preview Assets.xcassets */; };
		83D2A1A5240E92D500C9CE8E /* LaunchScreen.storyboard in Resources */ = {isa = PBXBuildFile; fileRef = 83D2A1A3240E92D500C9CE8E /* LaunchScreen.storyboard */; };
/* End PBXBuildFile section */

/* Begin PBXFileReference section */
		83D2A195240E92D400C9CE8E /* AutoSizingText.app */ = {isa = PBXFileReference; explicitFileType = wrapper.application; includeInIndex = 0; path = AutoSizingText.app; sourceTree = BUILT_PRODUCTS_DIR; };
		83D2A198240E92D400C9CE8E /* AppDelegate.swift */ = {isa = PBXFileReference; lastKnownFileType = sourcecode.swift; path = AppDelegate.swift; sourceTree = "<group>"; };
		83D2A19A240E92D400C9CE8E /* SceneDelegate.swift */ = {isa = PBXFileReference; lastKnownFileType = sourcecode.swift; path = SceneDelegate.swift; sourceTree = "<group>"; };
		83D2A19C240E92D400C9CE8E /* ContentView.swift */ = {isa = PBXFileReference; lastKnownFileType = sourcecode.swift; path = ContentView.swift; sourceTree = "<group>"; };
		83D2A19E240E92D500C9CE8E /* Assets.xcassets */ = {isa = PBXFileReference; lastKnownFileType = folder.assetcatalog; path = Assets.xcassets; sourceTree = "<group>"; };
		83D2A1A1240E92D500C9CE8E /* Preview Assets.xcassets */ = {isa = PBXFileReference; lastKnownFileType = folder.assetcatalog; path = "Preview Assets.xcassets"; sourceTree = "<group>"; };
		83D2A1A4240E92D500C9CE8E /* Base */ = {isa = PBXFileReference; lastKnownFileType = file.storyboard; name = Base; path = Base.lproj/LaunchScreen.storyboard; sourceTree = "<group>"; };
		83D2A1A6240E92D500C9CE8E /* Info.plist */ = {isa = PBXFileReference; lastKnownFileType = text.plist.xml; path = Info.plist; sourceTree = "<group>"; };
/* End PBXFileReference section */

/* Begin PBXFrameworksBuildPhase section */
		83D2A192240E92D400C9CE8E /* Frameworks */ = {
			isa = PBXFrameworksBuildPhase;
			buildActionMask = 2147483647;
			files = (
			);
			runOnlyForDeploymentPostprocessing = 0;
		};
/* End PBXFrameworksBuildPhase section */

/* Begin PBXGroup section */
		83D2A18C240E92D400C9CE8E = {
			isa = PBXGroup;
			children = (
				83D2A197240E92D400C9CE8E /* AutoSizingText */,
				83D2A196240E92D400C9CE8E /* Products */,
			);
			sourceTree = "<group>";
		};
		83D2A196240E92D400C9CE8E /* Products */ = {
			isa = PBXGroup;
			children = (
				83D2A195240E92D400C9CE8E /* AutoSizingText.app */,
			);
			name = Products;
			sourceTree = "<group>";
		};
		83D2A197240E92D400C9CE8E /* AutoSizingText */ = {
			isa = PBXGroup;
			children = (
				83D2A198240E92D400C9CE8E /* AppDelegate.swift */,
				83D2A19A240E92D400C9CE8E /* SceneDelegate.swift */,
				83D2A19C240E92D400C9CE8E /* ContentView.swift */,
				83D2A19E240E92D500C9CE8E /* Assets.xcassets */,
				83D2A1A3240E92D500C9CE8E /* LaunchScreen.storyboard */,
				83D2A1A6240E92D500C9CE8E /* Info.plist */,
				83D2A1A0240E92D500C9CE8E /* Preview Content */,
			);
			path = AutoSizingText;
			sourceTree = "<group>";
		};
		83D2A1A0240E92D500C9CE8E /* Preview Content */ = {
			isa = PBXGroup;
			children = (
				83D2A1A1240E92D500C9CE8E /* Preview Assets.xcassets */,
			);
			path = "Preview Content";
			sourceTree = "<group>";
		};
/* End PBXGroup section */

/* Begin PBXNativeTarget section */
		83D2A194240E92D400C9CE8E /* AutoSizingText */ = {
			isa = PBXNativeTarget;
			buildConfigurationList = 83D2A1A9240E92D500C9CE8E /* Build configuration list for PBXNativeTarget "AutoSizingText" */;
			buildPhases = (
				83D2A191240E92D400C9CE8E /* Sources */,
				83D2A192240E92D400C9CE8E /* Frameworks */,
				83D2A193240E92D400C9CE8E /* Resources */,
			);
			buildRules = (
			);
			dependencies = (
			);
			name = AutoSizingText;
			productName = AutoSizingText;
			productReference = 83D2A195240E92D400C9CE8E /* AutoSizingText.app */;
			productType = "com.apple.product-type.application";
		};
/* End PBXNativeTarget section */

/* Begin PBXProject section */
		83D2A18D240E92D400C9CE8E /* Project object */ = {
			isa = PBXProject;
			attributes = {
				LastSwiftUpdateCheck = 1130;
				LastUpgradeCheck = 1130;
				ORGANIZATIONNAME = "Chris Eidhof";
				TargetAttributes = {
					83D2A194240E92D400C9CE8E = {
						CreatedOnToolsVersion = 11.3.1;
					};
				};
			};
			buildConfigurationList = 83D2A190240E92D400C9CE8E /* Build configuration list for PBXProject "AutoSizingText" */;
			compatibilityVersion = "Xcode 9.3";
			developmentRegion = en;
			hasScannedForEncodings = 0;
			knownRegions = (
				en,
				Base,
			);
			mainGroup = 83D2A18C240E92D400C9CE8E;
			productRefGroup = 83D2A196240E92D400C9CE8E /* Products */;
			projectDirPath = "";
			projectRoot = "";
			targets = (
				83D2A194240E92D400C9CE8E /* AutoSizingText */,
			);
		};
/* End PBXProject section */

/* Begin PBXResourcesBuildPhase section */
		83D2A193240E92D400C9CE8E /* Resources */ = {
			isa = PBXResourcesBuildPhase;
			buildActionMask = 2147483647;
			files = (
				83D2A1A5240E92D500C9CE8E /* LaunchScreen.storyboard in Resources */,
				83D2A1A2240E92D500C9CE8E /* Preview Assets.xcassets in Resources */,
				83D2A19F240E92D500C9CE8E /* Assets.xcassets in Resources */,
			);
			runOnlyForDeploymentPostprocessing = 0;
		};
/* End PBXResourcesBuildPhase section */

/* Begin PBXSourcesBuildPhase section */
		83D2A191240E92D400C9CE8E /* Sources */ = {
			isa = PBXSourcesBuildPhase;
			buildActionMask = 2147483647;
			files = (
				83D2A199240E92D400C9CE8E /* AppDelegate.swift in Sources */,
				83D2A19B240E92D400C9CE8E /* SceneDelegate.swift in Sources */,
				83D2A19D240E92D400C9CE8E /* ContentView.swift in Sources */,
			);
			runOnlyForDeploymentPostprocessing = 0;
		};
/* End PBXSourcesBuildPhase section */

/* Begin PBXVariantGroup section */
		83D2A1A3240E92D500C9CE8E /* LaunchScreen.storyboard */ = {
			isa = PBXVariantGroup;
			children = (
				83D2A1A4240E92D500C9CE8E /* Base */,
			);
			name = LaunchScreen.storyboard;
			sourceTree = "<group>";
		};
/* End PBXVariantGroup section */

/* Begin XCBuildConfiguration section */
		83D2A1A7240E92D500C9CE8E /* Debug */ = {
			isa = XCBuildConfiguration;
			buildSettings = {
				ALWAYS_SEARCH_USER_PATHS = NO;
				CLANG_ANALYZER_NONNULL = YES;
				CLANG_ANALYZER_NUMBER_OBJECT_CONVERSION = YES_AGGRESSIVE;
				CLANG_CXX_LANGUAGE_STANDARD = "gnu++14";
				CLANG_CXX_LIBRARY = "libc++";
				CLANG_ENABLE_MODULES = YES;
				CLANG_ENABLE_OBJC_ARC = YES;
				CLANG_ENABLE_OBJC_WEAK = YES;
				CLANG_WARN_BLOCK_CAPTURE_AUTORELEASING = YES;
				CLANG_WARN_BOOL_CONVERSION = YES;
				CLANG_WARN_COMMA = YES;
				CLANG_WARN_CONSTANT_CONVERSION = YES;
				CLANG_WARN_DEPRECATED_OBJC_IMPLEMENTATIONS = YES;
				CLANG_WARN_DIRECT_OBJC_ISA_USAGE = YES_ERROR;
				CLANG_WARN_DOCUMENTATION_COMMENTS = YES;
				CLANG_WARN_EMPTY_BODY = YES;
				CLANG_WARN_ENUM_CONVERSION = YES;
				CLANG_WARN_INFINITE_RECURSION = YES;
				CLANG_WARN_INT_CONVERSION = YES;
				CLANG_WARN_NON_LITERAL_NULL_CONVERSION = YES;
				CLANG_WARN_OBJC_IMPLICIT_RETAIN_SELF = YES;
				CLANG_WARN_OBJC_LITERAL_CONVERSION = YES;
				CLANG_WARN_OBJC_ROOT_CLASS = YES_ERROR;
				CLANG_WARN_RANGE_LOOP_ANALYSIS = YES;
				CLANG_WARN_STRICT_PROTOTYPES = YES;
				CLANG_WARN_SUSPICIOUS_MOVE = YES;
				CLANG_WARN_UNGUARDED_AVAILABILITY = YES_AGGRESSIVE;
				CLANG_WARN_UNREACHABLE_CODE = YES;
				CLANG_WARN__DUPLICATE_METHOD_MATCH = YES;
				COPY_PHASE_STRIP = NO;
				DEBUG_INFORMATION_FORMAT = dwarf;
				ENABLE_STRICT_OBJC_MSGSEND = YES;
				ENABLE_TESTABILITY = YES;
				GCC_C_LANGUAGE_STANDARD = gnu11;
				GCC_DYNAMIC_NO_PIC = NO;
				GCC_NO_COMMON_BLOCKS = YES;
				GCC_OPTIMIZATION_LEVEL = 0;
				GCC_PREPROCESSOR_DEFINITIONS = (
					"DEBUG=1",
					"$(inherited)",
				);
				GCC_WARN_64_TO_32_BIT_CONVERSION = YES;
				GCC_WARN_ABOUT_RETURN_TYPE = YES_ERROR;
				GCC_WARN_UNDECLARED_SELECTOR = YES;
				GCC_WARN_UNINITIALIZED_AUTOS = YES_AGGRESSIVE;
				GCC_WARN_UNUSED_FUNCTION = YES;
				GCC_WARN_UNUSED_VARIABLE = YES;
				IPHONEOS_DEPLOYMENT_TARGET = 13.2;
				MTL_ENABLE_DEBUG_INFO = INCLUDE_SOURCE;
				MTL_FAST_MATH = YES;
				ONLY_ACTIVE_ARCH = YES;
				SDKROOT = iphoneos;
				SWIFT_ACTIVE_COMPILATION_CONDITIONS = DEBUG;
				SWIFT_OPTIMIZATION_LEVEL = "-Onone";
			};
			name = Debug;
		};
		83D2A1A8240E92D500C9CE8E /* Release */ = {
			isa = XCBuildConfiguration;
			buildSettings = {
				ALWAYS_SEARCH_USER_PATHS = NO;
				CLANG_ANALYZER_NONNULL = YES;
				CLANG_ANALYZER_NUMBER_OBJECT_CONVERSION = YES_AGGRESSIVE;
				CLANG_CXX_LANGUAGE_STANDARD = "gnu++14";
				CLANG_CXX_LIBRARY = "libc++";
				CLANG_ENABLE_MODULES = YES;
				CLANG_ENABLE_OBJC_ARC = YES;
				CLANG_ENABLE_OBJC_WEAK = YES;
				CLANG_WARN_BLOCK_CAPTURE_AUTORELEASING = YES;
				CLANG_WARN_BOOL_CONVERSION = YES;
				CLANG_WARN_COMMA = YES;
				CLANG_WARN_CONSTANT_CONVERSION = YES;
				CLANG_WARN_DEPRECATED_OBJC_IMPLEMENTATIONS = YES;
				CLANG_WARN_DIRECT_OBJC_ISA_USAGE = YES_ERROR;
				CLANG_WARN_DOCUMENTATION_COMMENTS = YES;
				CLANG_WARN_EMPTY_BODY = YES;
				CLANG_WARN_ENUM_CONVERSION = YES;
				CLANG_WARN_INFINITE_RECURSION = YES;
				CLANG_WARN_INT_CONVERSION = YES;
				CLANG_WARN_NON_LITERAL_NULL_CONVERSION = YES;
				CLANG_WARN_OBJC_IMPLICIT_RETAIN_SELF = YES;
				CLANG_WARN_OBJC_LITERAL_CONVERSION = YES;
				CLANG_WARN_OBJC_ROOT_CLASS = YES_ERROR;
				CLANG_WARN_RANGE_LOOP_ANALYSIS = YES;
				CLANG_WARN_STRICT_PROTOTYPES = YES;
				CLANG_WARN_SUSPICIOUS_MOVE = YES;
				CLANG_WARN_UNGUARDED_AVAILABILITY = YES_AGGRESSIVE;
				CLANG_WARN_UNREACHABLE_CODE = YES;
				CLANG_WARN__DUPLICATE_METHOD_MATCH = YES;
				COPY_PHASE_STRIP = NO;
				DEBUG_INFORMATION_FORMAT = "dwarf-with-dsym";
				ENABLE_NS_ASSERTIONS = NO;
				ENABLE_STRICT_OBJC_MSGSEND = YES;
				GCC_C_LANGUAGE_STANDARD = gnu11;
				GCC_NO_COMMON_BLOCKS = YES;
				GCC_WARN_64_TO_32_BIT_CONVERSION = YES;
				GCC_WARN_ABOUT_RETURN_TYPE = YES_ERROR;
				GCC_WARN_UNDECLARED_SELECTOR = YES;
				GCC_WARN_UNINITIALIZED_AUTOS = YES_AGGRESSIVE;
				GCC_WARN_UNUSED_FUNCTION = YES;
				GCC_WARN_UNUSED_VARIABLE = YES;
				IPHONEOS_DEPLOYMENT_TARGET = 13.2;
				MTL_ENABLE_DEBUG_INFO = NO;
				MTL_FAST_MATH = YES;
				SDKROOT = iphoneos;
				SWIFT_COMPILATION_MODE = wholemodule;
				SWIFT_OPTIMIZATION_LEVEL = "-O";
				VALIDATE_PRODUCT = YES;
			};
			name = Release;
		};
		83D2A1AA240E92D500C9CE8E /* Debug */ = {
			isa = XCBuildConfiguration;
			buildSettings = {
				ASSETCATALOG_COMPILER_APPICON_NAME = AppIcon;
				CODE_SIGN_STYLE = Automatic;
				DEVELOPMENT_ASSET_PATHS = "\"AutoSizingText/Preview Content\"";
				ENABLE_PREVIEWS = YES;
				INFOPLIST_FILE = AutoSizingText/Info.plist;
				LD_RUNPATH_SEARCH_PATHS = (
					"$(inherited)",
					"@executable_path/Frameworks",
				);
				PRODUCT_BUNDLE_IDENTIFIER = objc.io.AutoSizingText;
				PRODUCT_NAME = "$(TARGET_NAME)";
				SWIFT_VERSION = 5.0;
				TARGETED_DEVICE_FAMILY = "1,2";
			};
			name = Debug;
		};
		83D2A1AB240E92D500C9CE8E /* Release */ = {
			isa = XCBuildConfiguration;
			buildSettings = {
				ASSETCATALOG_COMPILER_APPICON_NAME = AppIcon;
				CODE_SIGN_STYLE = Automatic;
				DEVELOPMENT_ASSET_PATHS = "\"AutoSizingText/Preview Content\"";
				ENABLE_PREVIEWS = YES;
				INFOPLIST_FILE = AutoSizingText/Info.plist;
				LD_RUNPATH_SEARCH_PATHS = (
					"$(inherited)",
					"@executable_path/Frameworks",
				);
				PRODUCT_BUNDLE_IDENTIFIER = objc.io.AutoSizingText;
				PRODUCT_NAME = "$(TARGET_NAME)";
				SWIFT_VERSION = 5.0;
				TARGETED_DEVICE_FAMILY = "1,2";
			};
			name = Release;
		};
/* End XCBuildConfiguration section */

/* Begin XCConfigurationList section */
		83D2A190240E92D400C9CE8E /* Build configuration list for PBXProject "AutoSizingText" */ = {
			isa = XCConfigurationList;
			buildConfigurations = (
				83D2A1A7240E92D500C9CE8E /* Debug */,
				83D2A1A8240E92D500C9CE8E /* Release */,
			);
			defaultConfigurationIsVisible = 0;
			defaultConfigurationName = Release;
		};
		83D2A1A9240E92D500C9CE8E /* Build configuration list for PBXNativeTarget "AutoSizingText" */ = {
			isa = XCConfigurationList;
			buildConfigurations = (
				83D2A1AA240E92D500C9CE8E /* Debug */,
				83D2A1AB240E92D500C9CE8E /* Release */,
			);
			defaultConfigurationIsVisible = 0;
			defaultConfigurationName = Release;
		};
/* End XCConfigurationList section */
	};
	rootObject = 83D2A18D240E92D400C9CE8E /* Project object */;
}
